
Microsoft Visual Studio Solution File, Format Version 12.00
# Visual Studio Version 16
VisualStudioVersion = 16.0.29306.81
MinimumVisualStudioVersion = 10.0.40219.1
Project("{FAE04EC0-301F-11D3-BF4B-00C04F79EFBC}") = "TfLUnifiedAPI", "TfLUnifiedAPI\TfLUnifiedAPI.csproj", "{08C25C38-8653-4180-B5B3-98AD216A2F47}"
EndProject
Project("{FAE04EC0-301F-11D3-BF4B-00C04F79EFBC}") = "TfLUnifiedAPI.Test", "TfLUnifiedAPI.Test\TfLUnifiedAPI.Test.csproj", "{9F82BD26-ED7F-48B3-8767-D614BADBEFDB}"
EndProject
Global
	GlobalSection(SolutionConfigurationPlatforms) = preSolution
		Debug|Any CPU = Debug|Any CPU
		Release|Any CPU = Release|Any CPU
	EndGlobalSection
	GlobalSection(ProjectConfigurationPlatforms) = postSolution
		{08C25C38-8653-4180-B5B3-98AD216A2F47}.Debug|Any CPU.ActiveCfg = Debug|Any CPU
		{08C25C38-8653-4180-B5B3-98AD216A2F47}.Debug|Any CPU.Build.0 = Debug|Any CPU
		{08C25C38-8653-4180-B5B3-98AD216A2F47}.Release|Any CPU.ActiveCfg = Release|Any CPU
		{08C25C38-8653-4180-B5B3-98AD216A2F47}.Release|Any CPU.Build.0 = Release|Any CPU
		{9F82BD26-ED7F-48B3-8767-D614BADBEFDB}.Debug|Any CPU.ActiveCfg = Debug|Any CPU
		{9F82BD26-ED7F-48B3-8767-D614BADBEFDB}.Debug|Any CPU.Build.0 = Debug|Any CPU
		{9F82BD26-ED7F-48B3-8767-D614BADBEFDB}.Release|Any CPU.ActiveCfg = Release|Any CPU
		{9F82BD26-ED7F-48B3-8767-D614BADBEFDB}.Release|Any CPU.Build.0 = Release|Any CPU
	EndGlobalSection
	GlobalSection(SolutionProperties) = preSolution
		HideSolutionNode = FALSE
	EndGlobalSection
	GlobalSection(ExtensibilityGlobals) = postSolution
		SolutionGuid = {DE24ECD3-B7C7-46CE-9901-0CF44DEB1190}
	EndGlobalSection
EndGlobal
